
Microsoft Visual Studio Solution File, Format Version 12.00
# Visual Studio Version 17
VisualStudioVersion = 17.14.37516.0 d17.14
MinimumVisualStudioVersion = 10.0.40219.1
Project("{FAE04EC0-301F-11D3-BF4B-00C04F79EFBC}") = "GameAchievementTracker.WebAPI", "GameAchievementTracker.WebAPI.csproj", "{8A93E895-5CB4-48DB-A624-CE919999276E}"
EndProject
Global
	GlobalSection(SolutionConfigurationPlatforms) = preSolution
		Debug|Any CPU = Debug|Any CPU
		Release|Any CPU = Release|Any CPU
	EndGlobalSection
	GlobalSection(ProjectConfigurationPlatforms) = postSolution
		{8A93E895-5CB4-48DB-A624-CE919999276E}.Debug|Any CPU.ActiveCfg = Debug|Any CPU
		{8A93E895-5CB4-48DB-A624-CE919999276E}.Debug|Any CPU.Build.0 = Debug|Any CPU
		{8A93E895-5CB4-48DB-A624-CE919999276E}.Release|Any CPU.ActiveCfg = Release|Any CPU
		{8A93E895-5CB4-48DB-A624-CE919999276E}.Release|Any CPU.Build.0 = Release|Any CPU
	EndGlobalSection
	GlobalSection(SolutionProperties) = preSolution
		HideSolutionNode = FALSE
	EndGlobalSection
	GlobalSection(ExtensibilityGlobals) = postSolution
		SolutionGuid = {54B0C5D7-CD80-407E-9FDE-A15D93B0AD97}
	EndGlobalSection
EndGlobal
